
Microsoft Visual Studio Solution File, Format Version 12.00
# Visual Studio 15
VisualStudioVersion = 15.0.27130.2026
MinimumVisualStudioVersion = 10.0.40219.1
Project("{9A19103F-16F7-4668-BE54-9A1E7A4F7556}") = "01-PhoneBook", "01-PhoneBook\01-PhoneBook.csproj", "{03045250-B4F4-4CA4-A02B-E6769A318682}"
EndProject
Project("{9A19103F-16F7-4668-BE54-9A1E7A4F7556}") = "03-AMinerTask", "03-AMinerTask\03-AMinerTask.csproj", "{6325D9A9-8C3D-42D2-ABEF-AFF94AAC6CB0}"
EndProject
Project("{9A19103F-16F7-4668-BE54-9A1E7A4F7556}") = "04-FixEmails", "04-FixEmails\04-FixEmails.csproj", "{B8705418-CE78-44F6-8D91-D35912C6717B}"
EndProject
Project("{9A19103F-16F7-4668-BE54-9A1E7A4F7556}") = "05-HandsofCards", "05-HandsofCards\05-HandsofCards.csproj", "{87722EBD-9567-40DE-9705-449F977474CC}"
EndProject
Project("{9A19103F-16F7-4668-BE54-9A1E7A4F7556}") = "06-UserLogs", "06-UserLogs\06-UserLogs.csproj", "{8B686D59-369B-4927-87A0-9827C3D9E01D}"
EndProject
Project("{9A19103F-16F7-4668-BE54-9A1E7A4F7556}") = "07-PopulationCounter", "07-PopulationCounter\07-PopulationCounter.csproj", "{C0F412C4-424C-4298-81F6-E2CF8024A085}"
EndProject
Project("{9A19103F-16F7-4668-BE54-9A1E7A4F7556}") = "08-LogsAggregator", "08-LogsAggregator\08-LogsAggregator.csproj", "{3643B84F-95FC-461C-8801-66084C673E9B}"
EndProject
Project("{FAE04EC0-301F-11D3-BF4B-00C04F79EFBC}") = "Problem10 - Roli", "Problem10 - Roli\Problem10 - Roli.csproj", "{1BFB8E7F-BEC9-47A3-88AE-1082B81BDB6E}"
EndProject
Global
	GlobalSection(SolutionConfigurationPlatforms) = preSolution
		Debug|Any CPU = Debug|Any CPU
		Release|Any CPU = Release|Any CPU
	EndGlobalSection
	GlobalSection(ProjectConfigurationPlatforms) = postSolution
		{03045250-B4F4-4CA4-A02B-E6769A318682}.Debug|Any CPU.ActiveCfg = Debug|Any CPU
		{03045250-B4F4-4CA4-A02B-E6769A318682}.Debug|Any CPU.Build.0 = Debug|Any CPU
		{03045250-B4F4-4CA4-A02B-E6769A318682}.Release|Any CPU.ActiveCfg = Release|Any CPU
		{03045250-B4F4-4CA4-A02B-E6769A318682}.Release|Any CPU.Build.0 = Release|Any CPU
		{6325D9A9-8C3D-42D2-ABEF-AFF94AAC6CB0}.Debug|Any CPU.ActiveCfg = Debug|Any CPU
		{6325D9A9-8C3D-42D2-ABEF-AFF94AAC6CB0}.Debug|Any CPU.Build.0 = Debug|Any CPU
		{6325D9A9-8C3D-42D2-ABEF-AFF94AAC6CB0}.Release|Any CPU.ActiveCfg = Release|Any CPU
		{6325D9A9-8C3D-42D2-ABEF-AFF94AAC6CB0}.Release|Any CPU.Build.0 = Release|Any CPU
		{B8705418-CE78-44F6-8D91-D35912C6717B}.Debug|Any CPU.ActiveCfg = Debug|Any CPU
		{B8705418-CE78-44F6-8D91-D35912C6717B}.Debug|Any CPU.Build.0 = Debug|Any CPU
		{B8705418-CE78-44F6-8D91-D35912C6717B}.Release|Any CPU.ActiveCfg = Release|Any CPU
		{B8705418-CE78-44F6-8D91-D35912C6717B}.Release|Any CPU.Build.0 = Release|Any CPU
		{87722EBD-9567-40DE-9705-449F977474CC}.Debug|Any CPU.ActiveCfg = Debug|Any CPU
		{87722EBD-9567-40DE-9705-449F977474CC}.Debug|Any CPU.Build.0 = Debug|Any CPU
		{87722EBD-9567-40DE-9705-449F977474CC}.Release|Any CPU.ActiveCfg = Release|Any CPU
		{87722EBD-9567-40DE-9705-449F977474CC}.Release|Any CPU.Build.0 = Release|Any CPU
		{8B686D59-369B-4927-87A0-9827C3D9E01D}.Debug|Any CPU.ActiveCfg = Debug|Any CPU
		{8B686D59-369B-4927-87A0-9827C3D9E01D}.Debug|Any CPU.Build.0 = Debug|Any CPU
		{8B686D59-369B-4927-87A0-9827C3D9E01D}.Release|Any CPU.ActiveCfg = Release|Any CPU
		{8B686D59-369B-4927-87A0-9827C3D9E01D}.Release|Any CPU.Build.0 = Release|Any CPU
		{C0F412C4-424C-4298-81F6-E2CF8024A085}.Debug|Any CPU.ActiveCfg = Debug|Any CPU
		{C0F412C4-424C-4298-81F6-E2CF8024A085}.Debug|Any CPU.Build.0 = Debug|Any CPU
		{C0F412C4-424C-4298-81F6-E2CF8024A085}.Release|Any CPU.ActiveCfg = Release|Any CPU
		{C0F412C4-424C-4298-81F6-E2CF8024A085}.Release|Any CPU.Build.0 = Release|Any CPU
		{3643B84F-95FC-461C-8801-66084C673E9B}.Debug|Any CPU.ActiveCfg = Debug|Any CPU
		{3643B84F-95FC-461C-8801-66084C673E9B}.Debug|Any CPU.Build.0 = Debug|Any CPU
		{3643B84F-95FC-461C-8801-66084C673E9B}.Release|Any CPU.ActiveCfg = Release|Any CPU
		{3643B84F-95FC-461C-8801-66084C673E9B}.Release|Any CPU.Build.0 = Release|Any CPU
		{1BFB8E7F-BEC9-47A3-88AE-1082B81BDB6E}.Debug|Any CPU.ActiveCfg = Debug|Any CPU
		{1BFB8E7F-BEC9-47A3-88AE-1082B81BDB6E}.Debug|Any CPU.Build.0 = Debug|Any CPU
		{1BFB8E7F-BEC9-47A3-88AE-1082B81BDB6E}.Release|Any CPU.ActiveCfg = Release|Any CPU
		{1BFB8E7F-BEC9-47A3-88AE-1082B81BDB6E}.Release|Any CPU.Build.0 = Release|Any CPU
	EndGlobalSection
	GlobalSection(SolutionProperties) = preSolution
		HideSolutionNode = FALSE
	EndGlobalSection
	GlobalSection(ExtensibilityGlobals) = postSolution
		SolutionGuid = {2AD3DEC3-F4C5-4DE6-A4C3-DE2AEC194070}
	EndGlobalSection
EndGlobal
