
Microsoft Visual Studio Solution File, Format Version 12.00
# Visual Studio 15
VisualStudioVersion = 15.0.27130.2026
MinimumVisualStudioVersion = 10.0.40219.1
Project("{9A19103F-16F7-4668-BE54-9A1E7A4F7556}") = "01-MaxSequenceOfEqual Elements", "hmm\01-MaxSequenceOfEqual Elements.csproj", "{2472283B-A933-4523-A6DC-DF76A013816B}"
EndProject
Project("{9A19103F-16F7-4668-BE54-9A1E7A4F7556}") = "02-ChangeList", "02-ChangeList\02-ChangeList.csproj", "{A58E1D5C-5ECC-4126-A0AE-1142AF69CB65}"
EndProject
Project("{9A19103F-16F7-4668-BE54-9A1E7A4F7556}") = "03-SearchForANumber", "03-SearchForANumber\03-SearchForANumber.csproj", "{C654DBBC-0E78-4DC5-94F7-54D4590ADD28}"
EndProject
Project("{9A19103F-16F7-4668-BE54-9A1E7A4F7556}") = "03-SearchForANumberShorter", "03-SearchForANumberShorter\03-SearchForANumberShorter.csproj", "{EEA7858C-EE62-471F-94A9-8E9C64135B76}"
EndProject
Project("{9A19103F-16F7-4668-BE54-9A1E7A4F7556}") = "Test", "Test\Test.csproj", "{19A7F8C9-DCCD-4021-B6AE-D5AC96CEF8CB}"
EndProject
Project("{9A19103F-16F7-4668-BE54-9A1E7A4F7556}") = "04-LongestIncreasingSubsequence", "04-LongestIncreasingSubsequence(LIS)\04-LongestIncreasingSubsequence.csproj", "{FC67571B-6E60-474A-9056-B866271182E3}"
EndProject
Project("{9A19103F-16F7-4668-BE54-9A1E7A4F7556}") = "05-ArrayManipulator", "05-ArrayManipulator\05-ArrayManipulator.csproj", "{BD3C9BE9-02FD-4B36-9E6C-8869CE773FD0}"
EndProject
Project("{FAE04EC0-301F-11D3-BF4B-00C04F79EFBC}") = "06-SumReversedNumbers", "06-SumReversedNumbers\06-SumReversedNumbers.csproj", "{60C4C8F7-B7F0-41E8-BAB3-2A593FDC9803}"
EndProject
Global
	GlobalSection(SolutionConfigurationPlatforms) = preSolution
		Debug|Any CPU = Debug|Any CPU
		Release|Any CPU = Release|Any CPU
	EndGlobalSection
	GlobalSection(ProjectConfigurationPlatforms) = postSolution
		{2472283B-A933-4523-A6DC-DF76A013816B}.Debug|Any CPU.ActiveCfg = Debug|Any CPU
		{2472283B-A933-4523-A6DC-DF76A013816B}.Debug|Any CPU.Build.0 = Debug|Any CPU
		{2472283B-A933-4523-A6DC-DF76A013816B}.Release|Any CPU.ActiveCfg = Release|Any CPU
		{2472283B-A933-4523-A6DC-DF76A013816B}.Release|Any CPU.Build.0 = Release|Any CPU
		{A58E1D5C-5ECC-4126-A0AE-1142AF69CB65}.Debug|Any CPU.ActiveCfg = Debug|Any CPU
		{A58E1D5C-5ECC-4126-A0AE-1142AF69CB65}.Debug|Any CPU.Build.0 = Debug|Any CPU
		{A58E1D5C-5ECC-4126-A0AE-1142AF69CB65}.Release|Any CPU.ActiveCfg = Release|Any CPU
		{A58E1D5C-5ECC-4126-A0AE-1142AF69CB65}.Release|Any CPU.Build.0 = Release|Any CPU
		{C654DBBC-0E78-4DC5-94F7-54D4590ADD28}.Debug|Any CPU.ActiveCfg = Debug|Any CPU
		{C654DBBC-0E78-4DC5-94F7-54D4590ADD28}.Debug|Any CPU.Build.0 = Debug|Any CPU
		{C654DBBC-0E78-4DC5-94F7-54D4590ADD28}.Release|Any CPU.ActiveCfg = Release|Any CPU
		{C654DBBC-0E78-4DC5-94F7-54D4590ADD28}.Release|Any CPU.Build.0 = Release|Any CPU
		{EEA7858C-EE62-471F-94A9-8E9C64135B76}.Debug|Any CPU.ActiveCfg = Debug|Any CPU
		{EEA7858C-EE62-471F-94A9-8E9C64135B76}.Debug|Any CPU.Build.0 = Debug|Any CPU
		{EEA7858C-EE62-471F-94A9-8E9C64135B76}.Release|Any CPU.ActiveCfg = Release|Any CPU
		{EEA7858C-EE62-471F-94A9-8E9C64135B76}.Release|Any CPU.Build.0 = Release|Any CPU
		{19A7F8C9-DCCD-4021-B6AE-D5AC96CEF8CB}.Debug|Any CPU.ActiveCfg = Debug|Any CPU
		{19A7F8C9-DCCD-4021-B6AE-D5AC96CEF8CB}.Debug|Any CPU.Build.0 = Debug|Any CPU
		{19A7F8C9-DCCD-4021-B6AE-D5AC96CEF8CB}.Release|Any CPU.ActiveCfg = Release|Any CPU
		{19A7F8C9-DCCD-4021-B6AE-D5AC96CEF8CB}.Release|Any CPU.Build.0 = Release|Any CPU
		{FC67571B-6E60-474A-9056-B866271182E3}.Debug|Any CPU.ActiveCfg = Debug|Any CPU
		{FC67571B-6E60-474A-9056-B866271182E3}.Debug|Any CPU.Build.0 = Debug|Any CPU
		{FC67571B-6E60-474A-9056-B866271182E3}.Release|Any CPU.ActiveCfg = Release|Any CPU
		{FC67571B-6E60-474A-9056-B866271182E3}.Release|Any CPU.Build.0 = Release|Any CPU
		{BD3C9BE9-02FD-4B36-9E6C-8869CE773FD0}.Debug|Any CPU.ActiveCfg = Debug|Any CPU
		{BD3C9BE9-02FD-4B36-9E6C-8869CE773FD0}.Debug|Any CPU.Build.0 = Debug|Any CPU
		{BD3C9BE9-02FD-4B36-9E6C-8869CE773FD0}.Release|Any CPU.ActiveCfg = Release|Any CPU
		{BD3C9BE9-02FD-4B36-9E6C-8869CE773FD0}.Release|Any CPU.Build.0 = Release|Any CPU
		{60C4C8F7-B7F0-41E8-BAB3-2A593FDC9803}.Debug|Any CPU.ActiveCfg = Debug|Any CPU
		{60C4C8F7-B7F0-41E8-BAB3-2A593FDC9803}.Debug|Any CPU.Build.0 = Debug|Any CPU
		{60C4C8F7-B7F0-41E8-BAB3-2A593FDC9803}.Release|Any CPU.ActiveCfg = Release|Any CPU
		{60C4C8F7-B7F0-41E8-BAB3-2A593FDC9803}.Release|Any CPU.Build.0 = Release|Any CPU
	EndGlobalSection
	GlobalSection(SolutionProperties) = preSolution
		HideSolutionNode = FALSE
	EndGlobalSection
	GlobalSection(ExtensibilityGlobals) = postSolution
		SolutionGuid = {40AE9320-7FAF-431D-BC49-52E4A25BEFD1}
	EndGlobalSection
EndGlobal
