
Microsoft Visual Studio Solution File, Format Version 12.00
# Visual Studio 15
VisualStudioVersion = 15.0.27130.2026
MinimumVisualStudioVersion = 10.0.40219.1
Project("{FAE04EC0-301F-11D3-BF4B-00C04F79EFBC}") = "01-PracticeIntegerNumbers", "01-PracticeIntegerNumbers\01-PracticeIntegerNumbers.csproj", "{8282A445-2A63-44B9-BEED-113720027580}"
EndProject
Project("{FAE04EC0-301F-11D3-BF4B-00C04F79EFBC}") = "02-PracticeFloatingPointNumbers", "02-PracticeFloatingPointNumbers\02-PracticeFloatingPointNumbers.csproj", "{A6D6E8A8-1B5E-4B32-8E7A-4830FCD7D026}"
EndProject
Project("{FAE04EC0-301F-11D3-BF4B-00C04F79EFBC}") = "03-PracticeCharachtersAndStrings", "03-PracticeCharachtersAndStrings\03-PracticeCharachtersAndStrings.csproj", "{527AC541-59B7-4FF2-B565-ED0733282B0D}"
EndProject
Project("{FAE04EC0-301F-11D3-BF4B-00C04F79EFBC}") = "04-VariableInHexadecimalFormat", "04-VariableInHexadecimalFormat\04-VariableInHexadecimalFormat.csproj", "{B320E194-FF6B-4966-B557-E862CBEA3A88}"
EndProject
Project("{FAE04EC0-301F-11D3-BF4B-00C04F79EFBC}") = "05-BooleanVariable", "05-BooleanVariable\05-BooleanVariable.csproj", "{EAB9E494-5504-477D-851F-186FB2659794}"
EndProject
Project("{FAE04EC0-301F-11D3-BF4B-00C04F79EFBC}") = "06-StringsAndObjects", "06-StringsAndObjects\06-StringsAndObjects.csproj", "{C9CEC3C4-B395-457E-BC18-C11F8D00A756}"
EndProject
Project("{FAE04EC0-301F-11D3-BF4B-00C04F79EFBC}") = "07-ExchangeVariableValues", "07-ExchangeVariableValues\07-ExchangeVariableValues.csproj", "{74CAB382-A50E-4E80-88AB-D7CD51CF95D9}"
EndProject
Project("{FAE04EC0-301F-11D3-BF4B-00C04F79EFBC}") = "08-EmployeeData", "08-EmployeeData\08-EmployeeData.csproj", "{CBB0D4E9-0DC6-44A5-A2AB-F12D2CF9FDD9}"
EndProject
Project("{FAE04EC0-301F-11D3-BF4B-00C04F79EFBC}") = "09-ReverseCharacters", "09-ReverseCharacters\09-ReverseCharacters.csproj", "{228854C4-D2DB-458B-8B92-D46359FE01B6}"
EndProject
Project("{FAE04EC0-301F-11D3-BF4B-00C04F79EFBC}") = "10-CenturiesToNanoseconds", "10-CenturiesToNanoseconds\10-CenturiesToNanoseconds.csproj", "{0241187C-D871-4010-81EB-C25138F4D320}"
EndProject
Project("{FAE04EC0-301F-11D3-BF4B-00C04F79EFBC}") = "11-ConvertSpeedUnits", "11-ConvertSpeedUnits\11-ConvertSpeedUnits.csproj", "{4866FE00-1BF2-441A-9535-0AAF28DE0DEB}"
EndProject
Project("{FAE04EC0-301F-11D3-BF4B-00C04F79EFBC}") = "12-RectangleProperties", "12-RectangleProperties\12-RectangleProperties.csproj", "{6C1D05BC-2761-4D28-A163-7CE565CA5992}"
EndProject
Project("{FAE04EC0-301F-11D3-BF4B-00C04F79EFBC}") = "13-VowelOrDigit", "13-VowelOrDigit\13-VowelOrDigit.csproj", "{59CD202E-1730-491B-8F32-FC9C9A324D72}"
EndProject
Project("{FAE04EC0-301F-11D3-BF4B-00C04F79EFBC}") = "14-IntegerToHexAndBinary", "14-IntegerToHexAndBinary\14-IntegerToHexAndBinary.csproj", "{34FE55E0-1D10-4474-9F12-8B88B1AB2F01}"
EndProject
Project("{FAE04EC0-301F-11D3-BF4B-00C04F79EFBC}") = "15-FastPrimeChecker-Refactor", "15-FastPrimeChecker-Refactor\15-FastPrimeChecker-Refactor.csproj", "{88D7D583-99DA-486E-B67C-1FEA97C0ED5D}"
EndProject
Project("{FAE04EC0-301F-11D3-BF4B-00C04F79EFBC}") = "16-ComparingFloats", "16-ComparingFloats\16-ComparingFloats.csproj", "{2D757AC4-8813-43E6-8EE5-384C450B1E9C}"
EndProject
Project("{FAE04EC0-301F-11D3-BF4B-00C04F79EFBC}") = "17-PrintPartOfTheASCIITable", "17-PrintPartOfTheASCIITable\17-PrintPartOfTheASCIITable.csproj", "{1FB223AE-73CA-4D24-A16A-85EBB8868655}"
EndProject
Project("{FAE04EC0-301F-11D3-BF4B-00C04F79EFBC}") = "18-DifferentIntegersSize", "18-DifferentIntegersSize\18-DifferentIntegersSize.csproj", "{E2BF29B2-03B8-463F-B8FB-62C76FB82E9F}"
EndProject
Project("{FAE04EC0-301F-11D3-BF4B-00C04F79EFBC}") = "19-TheaThePhotographer", "19-TheaThePhotographer\19-TheaThePhotographer.csproj", "{D9CAAC21-C55C-4250-A11A-342096B978B1}"
EndProject
Project("{FAE04EC0-301F-11D3-BF4B-00C04F79EFBC}") = "Finances", "Finances\Finances.csproj", "{F1CE0B6E-C85A-485D-86D6-5A6479311F9A}"
EndProject
Global
	GlobalSection(SolutionConfigurationPlatforms) = preSolution
		Debug|Any CPU = Debug|Any CPU
		Release|Any CPU = Release|Any CPU
	EndGlobalSection
	GlobalSection(ProjectConfigurationPlatforms) = postSolution
		{8282A445-2A63-44B9-BEED-113720027580}.Debug|Any CPU.ActiveCfg = Debug|Any CPU
		{8282A445-2A63-44B9-BEED-113720027580}.Debug|Any CPU.Build.0 = Debug|Any CPU
		{8282A445-2A63-44B9-BEED-113720027580}.Release|Any CPU.ActiveCfg = Release|Any CPU
		{8282A445-2A63-44B9-BEED-113720027580}.Release|Any CPU.Build.0 = Release|Any CPU
		{A6D6E8A8-1B5E-4B32-8E7A-4830FCD7D026}.Debug|Any CPU.ActiveCfg = Debug|Any CPU
		{A6D6E8A8-1B5E-4B32-8E7A-4830FCD7D026}.Debug|Any CPU.Build.0 = Debug|Any CPU
		{A6D6E8A8-1B5E-4B32-8E7A-4830FCD7D026}.Release|Any CPU.ActiveCfg = Release|Any CPU
		{A6D6E8A8-1B5E-4B32-8E7A-4830FCD7D026}.Release|Any CPU.Build.0 = Release|Any CPU
		{527AC541-59B7-4FF2-B565-ED0733282B0D}.Debug|Any CPU.ActiveCfg = Debug|Any CPU
		{527AC541-59B7-4FF2-B565-ED0733282B0D}.Debug|Any CPU.Build.0 = Debug|Any CPU
		{527AC541-59B7-4FF2-B565-ED0733282B0D}.Release|Any CPU.ActiveCfg = Release|Any CPU
		{527AC541-59B7-4FF2-B565-ED0733282B0D}.Release|Any CPU.Build.0 = Release|Any CPU
		{B320E194-FF6B-4966-B557-E862CBEA3A88}.Debug|Any CPU.ActiveCfg = Debug|Any CPU
		{B320E194-FF6B-4966-B557-E862CBEA3A88}.Debug|Any CPU.Build.0 = Debug|Any CPU
		{B320E194-FF6B-4966-B557-E862CBEA3A88}.Release|Any CPU.ActiveCfg = Release|Any CPU
		{B320E194-FF6B-4966-B557-E862CBEA3A88}.Release|Any CPU.Build.0 = Release|Any CPU
		{EAB9E494-5504-477D-851F-186FB2659794}.Debug|Any CPU.ActiveCfg = Debug|Any CPU
		{EAB9E494-5504-477D-851F-186FB2659794}.Debug|Any CPU.Build.0 = Debug|Any CPU
		{EAB9E494-5504-477D-851F-186FB2659794}.Release|Any CPU.ActiveCfg = Release|Any CPU
		{EAB9E494-5504-477D-851F-186FB2659794}.Release|Any CPU.Build.0 = Release|Any CPU
		{C9CEC3C4-B395-457E-BC18-C11F8D00A756}.Debug|Any CPU.ActiveCfg = Debug|Any CPU
		{C9CEC3C4-B395-457E-BC18-C11F8D00A756}.Debug|Any CPU.Build.0 = Debug|Any CPU
		{C9CEC3C4-B395-457E-BC18-C11F8D00A756}.Release|Any CPU.ActiveCfg = Release|Any CPU
		{C9CEC3C4-B395-457E-BC18-C11F8D00A756}.Release|Any CPU.Build.0 = Release|Any CPU
		{74CAB382-A50E-4E80-88AB-D7CD51CF95D9}.Debug|Any CPU.ActiveCfg = Debug|Any CPU
		{74CAB382-A50E-4E80-88AB-D7CD51CF95D9}.Debug|Any CPU.Build.0 = Debug|Any CPU
		{74CAB382-A50E-4E80-88AB-D7CD51CF95D9}.Release|Any CPU.ActiveCfg = Release|Any CPU
		{74CAB382-A50E-4E80-88AB-D7CD51CF95D9}.Release|Any CPU.Build.0 = Release|Any CPU
		{CBB0D4E9-0DC6-44A5-A2AB-F12D2CF9FDD9}.Debug|Any CPU.ActiveCfg = Debug|Any CPU
		{CBB0D4E9-0DC6-44A5-A2AB-F12D2CF9FDD9}.Debug|Any CPU.Build.0 = Debug|Any CPU
		{CBB0D4E9-0DC6-44A5-A2AB-F12D2CF9FDD9}.Release|Any CPU.ActiveCfg = Release|Any CPU
		{CBB0D4E9-0DC6-44A5-A2AB-F12D2CF9FDD9}.Release|Any CPU.Build.0 = Release|Any CPU
		{228854C4-D2DB-458B-8B92-D46359FE01B6}.Debug|Any CPU.ActiveCfg = Debug|Any CPU
		{228854C4-D2DB-458B-8B92-D46359FE01B6}.Debug|Any CPU.Build.0 = Debug|Any CPU
		{228854C4-D2DB-458B-8B92-D46359FE01B6}.Release|Any CPU.ActiveCfg = Release|Any CPU
		{228854C4-D2DB-458B-8B92-D46359FE01B6}.Release|Any CPU.Build.0 = Release|Any CPU
		{0241187C-D871-4010-81EB-C25138F4D320}.Debug|Any CPU.ActiveCfg = Debug|Any CPU
		{0241187C-D871-4010-81EB-C25138F4D320}.Debug|Any CPU.Build.0 = Debug|Any CPU
		{0241187C-D871-4010-81EB-C25138F4D320}.Release|Any CPU.ActiveCfg = Release|Any CPU
		{0241187C-D871-4010-81EB-C25138F4D320}.Release|Any CPU.Build.0 = Release|Any CPU
		{4866FE00-1BF2-441A-9535-0AAF28DE0DEB}.Debug|Any CPU.ActiveCfg = Debug|Any CPU
		{4866FE00-1BF2-441A-9535-0AAF28DE0DEB}.Debug|Any CPU.Build.0 = Debug|Any CPU
		{4866FE00-1BF2-441A-9535-0AAF28DE0DEB}.Release|Any CPU.ActiveCfg = Release|Any CPU
		{4866FE00-1BF2-441A-9535-0AAF28DE0DEB}.Release|Any CPU.Build.0 = Release|Any CPU
		{6C1D05BC-2761-4D28-A163-7CE565CA5992}.Debug|Any CPU.ActiveCfg = Debug|Any CPU
		{6C1D05BC-2761-4D28-A163-7CE565CA5992}.Debug|Any CPU.Build.0 = Debug|Any CPU
		{6C1D05BC-2761-4D28-A163-7CE565CA5992}.Release|Any CPU.ActiveCfg = Release|Any CPU
		{6C1D05BC-2761-4D28-A163-7CE565CA5992}.Release|Any CPU.Build.0 = Release|Any CPU
		{59CD202E-1730-491B-8F32-FC9C9A324D72}.Debug|Any CPU.ActiveCfg = Debug|Any CPU
		{59CD202E-1730-491B-8F32-FC9C9A324D72}.Debug|Any CPU.Build.0 = Debug|Any CPU
		{59CD202E-1730-491B-8F32-FC9C9A324D72}.Release|Any CPU.ActiveCfg = Release|Any CPU
		{59CD202E-1730-491B-8F32-FC9C9A324D72}.Release|Any CPU.Build.0 = Release|Any CPU
		{34FE55E0-1D10-4474-9F12-8B88B1AB2F01}.Debug|Any CPU.ActiveCfg = Debug|Any CPU
		{34FE55E0-1D10-4474-9F12-8B88B1AB2F01}.Debug|Any CPU.Build.0 = Debug|Any CPU
		{34FE55E0-1D10-4474-9F12-8B88B1AB2F01}.Release|Any CPU.ActiveCfg = Release|Any CPU
		{34FE55E0-1D10-4474-9F12-8B88B1AB2F01}.Release|Any CPU.Build.0 = Release|Any CPU
		{88D7D583-99DA-486E-B67C-1FEA97C0ED5D}.Debug|Any CPU.ActiveCfg = Debug|Any CPU
		{88D7D583-99DA-486E-B67C-1FEA97C0ED5D}.Debug|Any CPU.Build.0 = Debug|Any CPU
		{88D7D583-99DA-486E-B67C-1FEA97C0ED5D}.Release|Any CPU.ActiveCfg = Release|Any CPU
		{88D7D583-99DA-486E-B67C-1FEA97C0ED5D}.Release|Any CPU.Build.0 = Release|Any CPU
		{2D757AC4-8813-43E6-8EE5-384C450B1E9C}.Debug|Any CPU.ActiveCfg = Debug|Any CPU
		{2D757AC4-8813-43E6-8EE5-384C450B1E9C}.Debug|Any CPU.Build.0 = Debug|Any CPU
		{2D757AC4-8813-43E6-8EE5-384C450B1E9C}.Release|Any CPU.ActiveCfg = Release|Any CPU
		{2D757AC4-8813-43E6-8EE5-384C450B1E9C}.Release|Any CPU.Build.0 = Release|Any CPU
		{1FB223AE-73CA-4D24-A16A-85EBB8868655}.Debug|Any CPU.ActiveCfg = Debug|Any CPU
		{1FB223AE-73CA-4D24-A16A-85EBB8868655}.Debug|Any CPU.Build.0 = Debug|Any CPU
		{1FB223AE-73CA-4D24-A16A-85EBB8868655}.Release|Any CPU.ActiveCfg = Release|Any CPU
		{1FB223AE-73CA-4D24-A16A-85EBB8868655}.Release|Any CPU.Build.0 = Release|Any CPU
		{E2BF29B2-03B8-463F-B8FB-62C76FB82E9F}.Debug|Any CPU.ActiveCfg = Debug|Any CPU
		{E2BF29B2-03B8-463F-B8FB-62C76FB82E9F}.Debug|Any CPU.Build.0 = Debug|Any CPU
		{E2BF29B2-03B8-463F-B8FB-62C76FB82E9F}.Release|Any CPU.ActiveCfg = Release|Any CPU
		{E2BF29B2-03B8-463F-B8FB-62C76FB82E9F}.Release|Any CPU.Build.0 = Release|Any CPU
		{D9CAAC21-C55C-4250-A11A-342096B978B1}.Debug|Any CPU.ActiveCfg = Debug|Any CPU
		{D9CAAC21-C55C-4250-A11A-342096B978B1}.Debug|Any CPU.Build.0 = Debug|Any CPU
		{D9CAAC21-C55C-4250-A11A-342096B978B1}.Release|Any CPU.ActiveCfg = Release|Any CPU
		{D9CAAC21-C55C-4250-A11A-342096B978B1}.Release|Any CPU.Build.0 = Release|Any CPU
		{F1CE0B6E-C85A-485D-86D6-5A6479311F9A}.Debug|Any CPU.ActiveCfg = Debug|Any CPU
		{F1CE0B6E-C85A-485D-86D6-5A6479311F9A}.Debug|Any CPU.Build.0 = Debug|Any CPU
		{F1CE0B6E-C85A-485D-86D6-5A6479311F9A}.Release|Any CPU.ActiveCfg = Release|Any CPU
		{F1CE0B6E-C85A-485D-86D6-5A6479311F9A}.Release|Any CPU.Build.0 = Release|Any CPU
	EndGlobalSection
	GlobalSection(SolutionProperties) = preSolution
		HideSolutionNode = FALSE
	EndGlobalSection
	GlobalSection(ExtensibilityGlobals) = postSolution
		SolutionGuid = {C55EC4F0-0E14-45B0-9340-8524CF4A60A7}
	EndGlobalSection
EndGlobal
